
Microsoft Visual Studio Solution File, Format Version 12.00
# Visual Studio Version 16
VisualStudioVersion = 16.0.31129.286
MinimumVisualStudioVersion = 10.0.40219.1
<<<<<<< HEAD
Global
	GlobalSection(SolutionProperties) = preSolution
		HideSolutionNode = FALSE
	EndGlobalSection
=======
Project("{2150E333-8FDC-42A3-9474-1A3956D46DE8}") = "Services", "Services", "{5EDD84EA-992A-4359-92C6-9A033D60C68D}"
EndProject
Project("{2150E333-8FDC-42A3-9474-1A3956D46DE8}") = "Catalog", "Catalog", "{4F4EC57D-9FFA-41E1-80BD-9B3E7911BA93}"
EndProject
Project("{FAE04EC0-301F-11D3-BF4B-00C04F79EFBC}") = "Catalog.API", "Services\Catalog\Catalog.API\Catalog.API.csproj", "{C4342656-1DF1-45A4-85B4-CB54C2D6F4BE}"
EndProject
Global
	GlobalSection(SolutionConfigurationPlatforms) = preSolution
		Debug|Any CPU = Debug|Any CPU
		Release|Any CPU = Release|Any CPU
	EndGlobalSection
	GlobalSection(ProjectConfigurationPlatforms) = postSolution
		{C4342656-1DF1-45A4-85B4-CB54C2D6F4BE}.Debug|Any CPU.ActiveCfg = Debug|Any CPU
		{C4342656-1DF1-45A4-85B4-CB54C2D6F4BE}.Debug|Any CPU.Build.0 = Debug|Any CPU
		{C4342656-1DF1-45A4-85B4-CB54C2D6F4BE}.Release|Any CPU.ActiveCfg = Release|Any CPU
		{C4342656-1DF1-45A4-85B4-CB54C2D6F4BE}.Release|Any CPU.Build.0 = Release|Any CPU
	EndGlobalSection
	GlobalSection(SolutionProperties) = preSolution
		HideSolutionNode = FALSE
	EndGlobalSection
	GlobalSection(NestedProjects) = preSolution
		{4F4EC57D-9FFA-41E1-80BD-9B3E7911BA93} = {5EDD84EA-992A-4359-92C6-9A033D60C68D}
		{C4342656-1DF1-45A4-85B4-CB54C2D6F4BE} = {4F4EC57D-9FFA-41E1-80BD-9B3E7911BA93}
	EndGlobalSection
>>>>>>> develop
	GlobalSection(ExtensibilityGlobals) = postSolution
		SolutionGuid = {487C6A49-4A08-4907-ABC8-571F17EFF41B}
	EndGlobalSection
EndGlobal
